// !$*UTF8*$!
{
	archiveVersion = 1;
	classes = {
	};
	objectVersion = 51;
	objects = {

/* Begin PBXBuildFile section */
		4807F0E225FDD832008E481A /* ChartViewController.swift in Sources */ = {isa = PBXBuildFile; fileRef = 4807F0E125FDD832008E481A /* ChartViewController.swift */; };
		4807F0E525FDE511008E481A /* CircleChartViewController.swift in Sources */ = {isa = PBXBuildFile; fileRef = 4807F0E425FDE511008E481A /* CircleChartViewController.swift */; };
		4807F0E825FDE732008E481A /* CovidSingleton.swift in Sources */ = {isa = PBXBuildFile; fileRef = 4807F0E725FDE732008E481A /* CovidSingleton.swift */; };
		48543DF82600753A0014E43C /* GoogleService-Info.plist in Resources */ = {isa = PBXBuildFile; fileRef = 48543DF72600753A0014E43C /* GoogleService-Info.plist */; };
		48543E1526007F670014E43C /* ChatViewController.swift in Sources */ = {isa = PBXBuildFile; fileRef = 48543E1426007F670014E43C /* ChatViewController.swift */; };
		48543E3626008EF90014E43C /* FirestoreData.swift in Sources */ = {isa = PBXBuildFile; fileRef = 48543E3526008EF90014E43C /* FirestoreData.swift */; };
		48C0774325FC8448003B3D06 /* AppDelegate.swift in Sources */ = {isa = PBXBuildFile; fileRef = 48C0774225FC8448003B3D06 /* AppDelegate.swift */; };
		48C0774525FC8448003B3D06 /* SceneDelegate.swift in Sources */ = {isa = PBXBuildFile; fileRef = 48C0774425FC8448003B3D06 /* SceneDelegate.swift */; };
		48C0774725FC8448003B3D06 /* ViewController.swift in Sources */ = {isa = PBXBuildFile; fileRef = 48C0774625FC8448003B3D06 /* ViewController.swift */; };
		48C0774A25FC8448003B3D06 /* Main.storyboard in Resources */ = {isa = PBXBuildFile; fileRef = 48C0774825FC8448003B3D06 /* Main.storyboard */; };
		48C0774C25FC8449003B3D06 /* Assets.xcassets in Resources */ = {isa = PBXBuildFile; fileRef = 48C0774B25FC8449003B3D06 /* Assets.xcassets */; };
		48C0774F25FC8449003B3D06 /* LaunchScreen.storyboard in Resources */ = {isa = PBXBuildFile; fileRef = 48C0774D25FC8449003B3D06 /* LaunchScreen.storyboard */; };
		48C0775825FC84CA003B3D06 /* Colors.swift in Sources */ = {isa = PBXBuildFile; fileRef = 48C0775725FC84CA003B3D06 /* Colors.swift */; };
		48C0775B25FCA3FC003B3D06 /* Entity.swift in Sources */ = {isa = PBXBuildFile; fileRef = 48C0775A25FCA3FC003B3D06 /* Entity.swift */; };
		48C0775E25FCA4CA003B3D06 /* API.swift in Sources */ = {isa = PBXBuildFile; fileRef = 48C0775D25FCA4CA003B3D06 /* API.swift */; };
		48C0776625FCCCD3003B3D06 /* HealthCheckViewController.swift in Sources */ = {isa = PBXBuildFile; fileRef = 48C0776525FCCCD3003B3D06 /* HealthCheckViewController.swift */; };
		5686D10A62279B9602147EC8 /* Pods_CovidInJapan.framework in Frameworks */ = {isa = PBXBuildFile; fileRef = 357AAF258745A97BE6B38B35 /* Pods_CovidInJapan.framework */; };
/* End PBXBuildFile section */

/* Begin PBXFileReference section */
		357AAF258745A97BE6B38B35 /* Pods_CovidInJapan.framework */ = {isa = PBXFileReference; explicitFileType = wrapper.framework; includeInIndex = 0; path = Pods_CovidInJapan.framework; sourceTree = BUILT_PRODUCTS_DIR; };
		4807F0E125FDD832008E481A /* ChartViewController.swift */ = {isa = PBXFileReference; lastKnownFileType = sourcecode.swift; path = ChartViewController.swift; sourceTree = "<group>"; };
		4807F0E425FDE511008E481A /* CircleChartViewController.swift */ = {isa = PBXFileReference; lastKnownFileType = sourcecode.swift; path = CircleChartViewController.swift; sourceTree = "<group>"; };
		4807F0E725FDE732008E481A /* CovidSingleton.swift */ = {isa = PBXFileReference; lastKnownFileType = sourcecode.swift; path = CovidSingleton.swift; sourceTree = "<group>"; };
		48543DF72600753A0014E43C /* GoogleService-Info.plist */ = {isa = PBXFileReference; lastKnownFileType = text.plist.xml; path = "GoogleService-Info.plist"; sourceTree = SOURCE_ROOT; };
		48543E1426007F670014E43C /* ChatViewController.swift */ = {isa = PBXFileReference; lastKnownFileType = sourcecode.swift; path = ChatViewController.swift; sourceTree = "<group>"; };
		48543E3526008EF90014E43C /* FirestoreData.swift */ = {isa = PBXFileReference; lastKnownFileType = sourcecode.swift; path = FirestoreData.swift; sourceTree = "<group>"; };
		48C0773F25FC8448003B3D06 /* CovidInJapan.app */ = {isa = PBXFileReference; explicitFileType = wrapper.application; includeInIndex = 0; path = CovidInJapan.app; sourceTree = BUILT_PRODUCTS_DIR; };
		48C0774225FC8448003B3D06 /* AppDelegate.swift */ = {isa = PBXFileReference; lastKnownFileType = sourcecode.swift; path = AppDelegate.swift; sourceTree = "<group>"; };
		48C0774425FC8448003B3D06 /* SceneDelegate.swift */ = {isa = PBXFileReference; lastKnownFileType = sourcecode.swift; path = SceneDelegate.swift; sourceTree = "<group>"; };
		48C0774625FC8448003B3D06 /* ViewController.swift */ = {isa = PBXFileReference; lastKnownFileType = sourcecode.swift; path = ViewController.swift; sourceTree = "<group>"; };
		48C0774925FC8448003B3D06 /* Base */ = {isa = PBXFileReference; lastKnownFileType = file.storyboard; name = Base; path = Base.lproj/Main.storyboard; sourceTree = "<group>"; };
		48C0774B25FC8449003B3D06 /* Assets.xcassets */ = {isa = PBXFileReference; lastKnownFileType = folder.assetcatalog; path = Assets.xcassets; sourceTree = "<group>"; };
		48C0774E25FC8449003B3D06 /* Base */ = {isa = PBXFileReference; lastKnownFileType = file.storyboard; name = Base; path = Base.lproj/LaunchScreen.storyboard; sourceTree = "<group>"; };
		48C0775025FC8449003B3D06 /* Info.plist */ = {isa = PBXFileReference; lastKnownFileType = text.plist.xml; path = Info.plist; sourceTree = "<group>"; };
		48C0775725FC84CA003B3D06 /* Colors.swift */ = {isa = PBXFileReference; lastKnownFileType = sourcecode.swift; path = Colors.swift; sourceTree = "<group>"; };
		48C0775A25FCA3FC003B3D06 /* Entity.swift */ = {isa = PBXFileReference; lastKnownFileType = sourcecode.swift; path = Entity.swift; sourceTree = "<group>"; };
		48C0775D25FCA4CA003B3D06 /* API.swift */ = {isa = PBXFileReference; lastKnownFileType = sourcecode.swift; path = API.swift; sourceTree = "<group>"; };
		48C0776525FCCCD3003B3D06 /* HealthCheckViewController.swift */ = {isa = PBXFileReference; lastKnownFileType = sourcecode.swift; path = HealthCheckViewController.swift; sourceTree = "<group>"; };
		5C7C250480B8881957303D73 /* Pods-CovidInJapan.debug.xcconfig */ = {isa = PBXFileReference; includeInIndex = 1; lastKnownFileType = text.xcconfig; name = "Pods-CovidInJapan.debug.xcconfig"; path = "Target Support Files/Pods-CovidInJapan/Pods-CovidInJapan.debug.xcconfig"; sourceTree = "<group>"; };
		6D10C818D5FBF67760C54978 /* Pods-CovidInJapan.release.xcconfig */ = {isa = PBXFileReference; includeInIndex = 1; lastKnownFileType = text.xcconfig; name = "Pods-CovidInJapan.release.xcconfig"; path = "Target Support Files/Pods-CovidInJapan/Pods-CovidInJapan.release.xcconfig"; sourceTree = "<group>"; };
/* End PBXFileReference section */

/* Begin PBXFrameworksBuildPhase section */
		48C0773C25FC8448003B3D06 /* Frameworks */ = {
			isa = PBXFrameworksBuildPhase;
			buildActionMask = 2147483647;
			files = (
				5686D10A62279B9602147EC8 /* Pods_CovidInJapan.framework in Frameworks */,
			);
			runOnlyForDeploymentPostprocessing = 0;
		};
/* End PBXFrameworksBuildPhase section */

/* Begin PBXGroup section */
		2F4BEA8C1F30724F105A14EA /* Frameworks */ = {
			isa = PBXGroup;
			children = (
				357AAF258745A97BE6B38B35 /* Pods_CovidInJapan.framework */,
			);
			name = Frameworks;
			sourceTree = "<group>";
		};
		48C0773625FC8448003B3D06 = {
			isa = PBXGroup;
			children = (
				48C0774125FC8448003B3D06 /* CovidInJapan */,
				48C0774025FC8448003B3D06 /* Products */,
				53863A3FE9A14CAD44F440C0 /* Pods */,
				2F4BEA8C1F30724F105A14EA /* Frameworks */,
			);
			sourceTree = "<group>";
		};
		48C0774025FC8448003B3D06 /* Products */ = {
			isa = PBXGroup;
			children = (
				48C0773F25FC8448003B3D06 /* CovidInJapan.app */,
			);
			name = Products;
			sourceTree = "<group>";
		};
		48C0774125FC8448003B3D06 /* CovidInJapan */ = {
			isa = PBXGroup;
			children = (
				48543DF72600753A0014E43C /* GoogleService-Info.plist */,
				48C0775025FC8449003B3D06 /* Info.plist */,
				48C0775D25FCA4CA003B3D06 /* API.swift */,
				48C0774225FC8448003B3D06 /* AppDelegate.swift */,
				4807F0E125FDD832008E481A /* ChartViewController.swift */,
				48543E1426007F670014E43C /* ChatViewController.swift */,
				4807F0E425FDE511008E481A /* CircleChartViewController.swift */,
				48C0775725FC84CA003B3D06 /* Colors.swift */,
				4807F0E725FDE732008E481A /* CovidSingleton.swift */,
				48C0775A25FCA3FC003B3D06 /* Entity.swift */,
				48C0776525FCCCD3003B3D06 /* HealthCheckViewController.swift */,
				48C0774425FC8448003B3D06 /* SceneDelegate.swift */,
				48C0774625FC8448003B3D06 /* ViewController.swift */,
				48C0774B25FC8449003B3D06 /* Assets.xcassets */,
				48C0774D25FC8449003B3D06 /* LaunchScreen.storyboard */,
				48C0774825FC8448003B3D06 /* Main.storyboard */,
				48543E3526008EF90014E43C /* FirestoreData.swift */,
			);
			path = CovidInJapan;
			sourceTree = "<group>";
		};
		53863A3FE9A14CAD44F440C0 /* Pods */ = {
			isa = PBXGroup;
			children = (
				5C7C250480B8881957303D73 /* Pods-CovidInJapan.debug.xcconfig */,
				6D10C818D5FBF67760C54978 /* Pods-CovidInJapan.release.xcconfig */,
			);
			path = Pods;
			sourceTree = "<group>";
		};
/* End PBXGroup section */

/* Begin PBXNativeTarget section */
		48C0773E25FC8448003B3D06 /* CovidInJapan */ = {
			isa = PBXNativeTarget;
			buildConfigurationList = 48C0775325FC8449003B3D06 /* Build configuration list for PBXNativeTarget "CovidInJapan" */;
			buildPhases = (
				FCC500D601A0118F7925F178 /* [CP] Check Pods Manifest.lock */,
				48C0773B25FC8448003B3D06 /* Sources */,
				48C0773C25FC8448003B3D06 /* Frameworks */,
				48C0773D25FC8448003B3D06 /* Resources */,
				655B0C44ABB3A7110613349D /* [CP] Embed Pods Frameworks */,
			);
			buildRules = (
			);
			dependencies = (
			);
			name = CovidInJapan;
			productName = CovidInJapan;
			productReference = 48C0773F25FC8448003B3D06 /* CovidInJapan.app */;
			productType = "com.apple.product-type.application";
		};
/* End PBXNativeTarget section */

/* Begin PBXProject section */
		48C0773725FC8448003B3D06 /* Project object */ = {
			isa = PBXProject;
			attributes = {
				LastSwiftUpdateCheck = 1240;
				LastUpgradeCheck = 1240;
				TargetAttributes = {
					48C0773E25FC8448003B3D06 = {
						CreatedOnToolsVersion = 12.4;
					};
				};
			};
			buildConfigurationList = 48C0773A25FC8448003B3D06 /* Build configuration list for PBXProject "CovidInJapan" */;
			compatibilityVersion = "Xcode 9.3";
			developmentRegion = en;
			hasScannedForEncodings = 0;
			knownRegions = (
				en,
				Base,
			);
			mainGroup = 48C0773625FC8448003B3D06;
			productRefGroup = 48C0774025FC8448003B3D06 /* Products */;
			projectDirPath = "";
			projectRoot = "";
			targets = (
				48C0773E25FC8448003B3D06 /* CovidInJapan */,
			);
		};
/* End PBXProject section */

/* Begin PBXResourcesBuildPhase section */
		48C0773D25FC8448003B3D06 /* Resources */ = {
			isa = PBXResourcesBuildPhase;
			buildActionMask = 2147483647;
			files = (
				48C0774F25FC8449003B3D06 /* LaunchScreen.storyboard in Resources */,
				48C0774C25FC8449003B3D06 /* Assets.xcassets in Resources */,
				48C0774A25FC8448003B3D06 /* Main.storyboard in Resources */,
				48543DF82600753A0014E43C /* GoogleService-Info.plist in Resources */,
			);
			runOnlyForDeploymentPostprocessing = 0;
		};
/* End PBXResourcesBuildPhase section */

/* Begin PBXShellScriptBuildPhase section */
		655B0C44ABB3A7110613349D /* [CP] Embed Pods Frameworks */ = {
			isa = PBXShellScriptBuildPhase;
			buildActionMask = 2147483647;
			files = (
			);
			inputFileListPaths = (
				"${PODS_ROOT}/Target Support Files/Pods-CovidInJapan/Pods-CovidInJapan-frameworks-${CONFIGURATION}-input-files.xcfilelist",
			);
			name = "[CP] Embed Pods Frameworks";
			outputFileListPaths = (
				"${PODS_ROOT}/Target Support Files/Pods-CovidInJapan/Pods-CovidInJapan-frameworks-${CONFIGURATION}-output-files.xcfilelist",
			);
			runOnlyForDeploymentPostprocessing = 0;
			shellPath = /bin/sh;
			shellScript = "\"${PODS_ROOT}/Target Support Files/Pods-CovidInJapan/Pods-CovidInJapan-frameworks.sh\"\n";
			showEnvVarsInLog = 0;
		};
		FCC500D601A0118F7925F178 /* [CP] Check Pods Manifest.lock */ = {
			isa = PBXShellScriptBuildPhase;
			buildActionMask = 2147483647;
			files = (
			);
			inputFileListPaths = (
			);
			inputPaths = (
				"${PODS_PODFILE_DIR_PATH}/Podfile.lock",
				"${PODS_ROOT}/Manifest.lock",
			);
			name = "[CP] Check Pods Manifest.lock";
			outputFileListPaths = (
			);
			outputPaths = (
				"$(DERIVED_FILE_DIR)/Pods-CovidInJapan-checkManifestLockResult.txt",
			);
			runOnlyForDeploymentPostprocessing = 0;
			shellPath = /bin/sh;
			shellScript = "diff \"${PODS_PODFILE_DIR_PATH}/Podfile.lock\" \"${PODS_ROOT}/Manifest.lock\" > /dev/null\nif [ $? != 0 ] ; then\n    # print error to STDERR\n    echo \"error: The sandbox is not in sync with the Podfile.lock. Run 'pod install' or update your CocoaPods installation.\" >&2\n    exit 1\nfi\n# This output is used by Xcode 'outputs' to avoid re-running this script phase.\necho \"SUCCESS\" > \"${SCRIPT_OUTPUT_FILE_0}\"\n";
			showEnvVarsInLog = 0;
		};
/* End PBXShellScriptBuildPhase section */

/* Begin PBXSourcesBuildPhase section */
		48C0773B25FC8448003B3D06 /* Sources */ = {
			isa = PBXSourcesBuildPhase;
			buildActionMask = 2147483647;
			files = (
				48C0774725FC8448003B3D06 /* ViewController.swift in Sources */,
				48C0775B25FCA3FC003B3D06 /* Entity.swift in Sources */,
				48543E1526007F670014E43C /* ChatViewController.swift in Sources */,
				4807F0E525FDE511008E481A /* CircleChartViewController.swift in Sources */,
				48C0776625FCCCD3003B3D06 /* HealthCheckViewController.swift in Sources */,
				48C0775825FC84CA003B3D06 /* Colors.swift in Sources */,
				48C0774325FC8448003B3D06 /* AppDelegate.swift in Sources */,
				48543E3626008EF90014E43C /* FirestoreData.swift in Sources */,
				4807F0E225FDD832008E481A /* ChartViewController.swift in Sources */,
				48C0775E25FCA4CA003B3D06 /* API.swift in Sources */,
				48C0774525FC8448003B3D06 /* SceneDelegate.swift in Sources */,
				4807F0E825FDE732008E481A /* CovidSingleton.swift in Sources */,
			);
			runOnlyForDeploymentPostprocessing = 0;
		};
/* End PBXSourcesBuildPhase section */

/* Begin PBXVariantGroup section */
		48C0774825FC8448003B3D06 /* Main.storyboard */ = {
			isa = PBXVariantGroup;
			children = (
				48C0774925FC8448003B3D06 /* Base */,
			);
			name = Main.storyboard;
			sourceTree = "<group>";
		};
		48C0774D25FC8449003B3D06 /* LaunchScreen.storyboard */ = {
			isa = PBXVariantGroup;
			children = (
				48C0774E25FC8449003B3D06 /* Base */,
			);
			name = LaunchScreen.storyboard;
			sourceTree = "<group>";
		};
/* End PBXVariantGroup section */

/* Begin XCBuildConfiguration section */
		48C0775125FC8449003B3D06 /* Debug */ = {
			isa = XCBuildConfiguration;
			buildSettings = {
				ALWAYS_SEARCH_USER_PATHS = NO;
				CLANG_ANALYZER_NONNULL = YES;
				CLANG_ANALYZER_NUMBER_OBJECT_CONVERSION = YES_AGGRESSIVE;
				CLANG_CXX_LANGUAGE_STANDARD = "gnu++14";
				CLANG_CXX_LIBRARY = "libc++";
				CLANG_ENABLE_MODULES = YES;
				CLANG_ENABLE_OBJC_ARC = YES;
				CLANG_ENABLE_OBJC_WEAK = YES;
				CLANG_WARN_BLOCK_CAPTURE_AUTORELEASING = YES;
				CLANG_WARN_BOOL_CONVERSION = YES;
				CLANG_WARN_COMMA = YES;
				CLANG_WARN_CONSTANT_CONVERSION = YES;
				CLANG_WARN_DEPRECATED_OBJC_IMPLEMENTATIONS = YES;
				CLANG_WARN_DIRECT_OBJC_ISA_USAGE = YES_ERROR;
				CLANG_WARN_DOCUMENTATION_COMMENTS = YES;
				CLANG_WARN_EMPTY_BODY = YES;
				CLANG_WARN_ENUM_CONVERSION = YES;
				CLANG_WARN_INFINITE_RECURSION = YES;
				CLANG_WARN_INT_CONVERSION = YES;
				CLANG_WARN_NON_LITERAL_NULL_CONVERSION = YES;
				CLANG_WARN_OBJC_IMPLICIT_RETAIN_SELF = YES;
				CLANG_WARN_OBJC_LITERAL_CONVERSION = YES;
				CLANG_WARN_OBJC_ROOT_CLASS = YES_ERROR;
				CLANG_WARN_QUOTED_INCLUDE_IN_FRAMEWORK_HEADER = YES;
				CLANG_WARN_RANGE_LOOP_ANALYSIS = YES;
				CLANG_WARN_STRICT_PROTOTYPES = YES;
				CLANG_WARN_SUSPICIOUS_MOVE = YES;
				CLANG_WARN_UNGUARDED_AVAILABILITY = YES_AGGRESSIVE;
				CLANG_WARN_UNREACHABLE_CODE = YES;
				CLANG_WARN__DUPLICATE_METHOD_MATCH = YES;
				COPY_PHASE_STRIP = NO;
				DEBUG_INFORMATION_FORMAT = dwarf;
				ENABLE_STRICT_OBJC_MSGSEND = YES;
				ENABLE_TESTABILITY = YES;
				GCC_C_LANGUAGE_STANDARD = gnu11;
				GCC_DYNAMIC_NO_PIC = NO;
				GCC_NO_COMMON_BLOCKS = YES;
				GCC_OPTIMIZATION_LEVEL = 0;
				GCC_PREPROCESSOR_DEFINITIONS = (
					"DEBUG=1",
					"$(inherited)",
				);
				GCC_WARN_64_TO_32_BIT_CONVERSION = YES;
				GCC_WARN_ABOUT_RETURN_TYPE = YES_ERROR;
				GCC_WARN_UNDECLARED_SELECTOR = YES;
				GCC_WARN_UNINITIALIZED_AUTOS = YES_AGGRESSIVE;
				GCC_WARN_UNUSED_FUNCTION = YES;
				GCC_WARN_UNUSED_VARIABLE = YES;
				IPHONEOS_DEPLOYMENT_TARGET = 14.4;
				MTL_ENABLE_DEBUG_INFO = INCLUDE_SOURCE;
				MTL_FAST_MATH = YES;
				ONLY_ACTIVE_ARCH = YES;
				SDKROOT = iphoneos;
				SWIFT_ACTIVE_COMPILATION_CONDITIONS = DEBUG;
				SWIFT_OPTIMIZATION_LEVEL = "-Onone";
			};
			name = Debug;
		};
		48C0775225FC8449003B3D06 /* Release */ = {
			isa = XCBuildConfiguration;
			buildSettings = {
				ALWAYS_SEARCH_USER_PATHS = NO;
				CLANG_ANALYZER_NONNULL = YES;
				CLANG_ANALYZER_NUMBER_OBJECT_CONVERSION = YES_AGGRESSIVE;
				CLANG_CXX_LANGUAGE_STANDARD = "gnu++14";
				CLANG_CXX_LIBRARY = "libc++";
				CLANG_ENABLE_MODULES = YES;
				CLANG_ENABLE_OBJC_ARC = YES;
				CLANG_ENABLE_OBJC_WEAK = YES;
				CLANG_WARN_BLOCK_CAPTURE_AUTORELEASING = YES;
				CLANG_WARN_BOOL_CONVERSION = YES;
				CLANG_WARN_COMMA = YES;
				CLANG_WARN_CONSTANT_CONVERSION = YES;
				CLANG_WARN_DEPRECATED_OBJC_IMPLEMENTATIONS = YES;
				CLANG_WARN_DIRECT_OBJC_ISA_USAGE = YES_ERROR;
				CLANG_WARN_DOCUMENTATION_COMMENTS = YES;
				CLANG_WARN_EMPTY_BODY = YES;
				CLANG_WARN_ENUM_CONVERSION = YES;
				CLANG_WARN_INFINITE_RECURSION = YES;
				CLANG_WARN_INT_CONVERSION = YES;
				CLANG_WARN_NON_LITERAL_NULL_CONVERSION = YES;
				CLANG_WARN_OBJC_IMPLICIT_RETAIN_SELF = YES;
				CLANG_WARN_OBJC_LITERAL_CONVERSION = YES;
				CLANG_WARN_OBJC_ROOT_CLASS = YES_ERROR;
				CLANG_WARN_QUOTED_INCLUDE_IN_FRAMEWORK_HEADER = YES;
				CLANG_WARN_RANGE_LOOP_ANALYSIS = YES;
				CLANG_WARN_STRICT_PROTOTYPES = YES;
				CLANG_WARN_SUSPICIOUS_MOVE = YES;
				CLANG_WARN_UNGUARDED_AVAILABILITY = YES_AGGRESSIVE;
				CLANG_WARN_UNREACHABLE_CODE = YES;
				CLANG_WARN__DUPLICATE_METHOD_MATCH = YES;
				COPY_PHASE_STRIP = NO;
				DEBUG_INFORMATION_FORMAT = "dwarf-with-dsym";
				ENABLE_NS_ASSERTIONS = NO;
				ENABLE_STRICT_OBJC_MSGSEND = YES;
				GCC_C_LANGUAGE_STANDARD = gnu11;
				GCC_NO_COMMON_BLOCKS = YES;
				GCC_WARN_64_TO_32_BIT_CONVERSION = YES;
				GCC_WARN_ABOUT_RETURN_TYPE = YES_ERROR;
				GCC_WARN_UNDECLARED_SELECTOR = YES;
				GCC_WARN_UNINITIALIZED_AUTOS = YES_AGGRESSIVE;
				GCC_WARN_UNUSED_FUNCTION = YES;
				GCC_WARN_UNUSED_VARIABLE = YES;
				IPHONEOS_DEPLOYMENT_TARGET = 14.4;
				MTL_ENABLE_DEBUG_INFO = NO;
				MTL_FAST_MATH = YES;
				SDKROOT = iphoneos;
				SWIFT_COMPILATION_MODE = wholemodule;
				SWIFT_OPTIMIZATION_LEVEL = "-O";
				VALIDATE_PRODUCT = YES;
			};
			name = Release;
		};
		48C0775425FC8449003B3D06 /* Debug */ = {
			isa = XCBuildConfiguration;
			baseConfigurationReference = 5C7C250480B8881957303D73 /* Pods-CovidInJapan.debug.xcconfig */;
			buildSettings = {
				ASSETCATALOG_COMPILER_APPICON_NAME = AppIcon;
				ASSETCATALOG_COMPILER_GLOBAL_ACCENT_COLOR_NAME = AccentColor;
				CODE_SIGN_STYLE = Automatic;
				DEVELOPMENT_TEAM = 5RY865YBCC;
				INFOPLIST_FILE = CovidInJapan/Info.plist;
				LD_RUNPATH_SEARCH_PATHS = (
					"$(inherited)",
					"@executable_path/Frameworks",
				);
				PRODUCT_BUNDLE_IDENTIFIER = com.gmail.beats.jomni.CovidInJapan;
				PRODUCT_NAME = "$(TARGET_NAME)";
				SWIFT_VERSION = 5.0;
				TARGETED_DEVICE_FAMILY = "1,2";
			};
			name = Debug;
		};
		48C0775525FC8449003B3D06 /* Release */ = {
			isa = XCBuildConfiguration;
			baseConfigurationReference = 6D10C818D5FBF67760C54978 /* Pods-CovidInJapan.release.xcconfig */;
			buildSettings = {
				ASSETCATALOG_COMPILER_APPICON_NAME = AppIcon;
				ASSETCATALOG_COMPILER_GLOBAL_ACCENT_COLOR_NAME = AccentColor;
				CODE_SIGN_STYLE = Automatic;
				DEVELOPMENT_TEAM = 5RY865YBCC;
				INFOPLIST_FILE = CovidInJapan/Info.plist;
				LD_RUNPATH_SEARCH_PATHS = (
					"$(inherited)",
					"@executable_path/Frameworks",
				);
				PRODUCT_BUNDLE_IDENTIFIER = com.gmail.beats.jomni.CovidInJapan;
				PRODUCT_NAME = "$(TARGET_NAME)";
				SWIFT_VERSION = 5.0;
				TARGETED_DEVICE_FAMILY = "1,2";
			};
			name = Release;
		};
/* End XCBuildConfiguration section */

/* Begin XCConfigurationList section */
		48C0773A25FC8448003B3D06 /* Build configuration list for PBXProject "CovidInJapan" */ = {
			isa = XCConfigurationList;
			buildConfigurations = (
				48C0775125FC8449003B3D06 /* Debug */,
				48C0775225FC8449003B3D06 /* Release */,
			);
			defaultConfigurationIsVisible = 0;
			defaultConfigurationName = Release;
		};
		48C0775325FC8449003B3D06 /* Build configuration list for PBXNativeTarget "CovidInJapan" */ = {
			isa = XCConfigurationList;
			buildConfigurations = (
				48C0775425FC8449003B3D06 /* Debug */,
				48C0775525FC8449003B3D06 /* Release */,
			);
			defaultConfigurationIsVisible = 0;
			defaultConfigurationName = Release;
		};
/* End XCConfigurationList section */
	};
	rootObject = 48C0773725FC8448003B3D06 /* Project object */;
}
